
Microsoft Visual Studio Solution File, Format Version 12.00
# Visual Studio 14
VisualStudioVersion = 14.0.24720.0
MinimumVisualStudioVersion = 10.0.40219.1
Project("{FAE04EC0-301F-11D3-BF4B-00C04F79EFBC}") = "MyPhoneChai", "MyPhoneChai\MyPhoneChai.csproj", "{825FBE4D-371E-4C1B-872F-4A0371B18CCD}"
EndProject
Project("{2150E333-8FDC-42A3-9474-1A3956D46DE8}") = "01.App", "01.App", "{DC52634D-3015-4CF4-82F3-E445E84F6660}"
EndProject
Project("{2150E333-8FDC-42A3-9474-1A3956D46DE8}") = "02.Service", "02.Service", "{BABAC8CB-44F5-4826-931E-D428EC3F014A}"
EndProject
Project("{2150E333-8FDC-42A3-9474-1A3956D46DE8}") = "3.Repository", "3.Repository", "{75AFF75E-76CD-4A0D-947E-C13C924C1915}"
EndProject
Project("{2150E333-8FDC-42A3-9474-1A3956D46DE8}") = "4.Model", "4.Model", "{A92F44A1-06F4-4A23-89F4-37BB22C77386}"
EndProject
Project("{FAE04EC0-301F-11D3-BF4B-00C04F79EFBC}") = "Service", "Service\Service.csproj", "{99D18944-7B68-451F-8949-9A6362B5B38D}"
EndProject
Project("{FAE04EC0-301F-11D3-BF4B-00C04F79EFBC}") = "Repository", "Repository\Repository.csproj", "{B2573447-EC19-4C46-913C-F3239C18633B}"
EndProject
Project("{FAE04EC0-301F-11D3-BF4B-00C04F79EFBC}") = "Model", "Model\Model.csproj", "{61A90DFB-94AA-4CC2-A6CD-1998716BF7BD}"
EndProject
Project("{FAE04EC0-301F-11D3-BF4B-00C04F79EFBC}") = "ViewModel", "ViewModel\ViewModel.csproj", "{3EC11F51-5993-4CFF-A425-22A30FAA6008}"
EndProject
Project("{FAE04EC0-301F-11D3-BF4B-00C04F79EFBC}") = "RequestModel", "RequestModel\RequestModel.csproj", "{119D3FCA-D4A2-4EB7-ADB8-9E3F9F6B48EB}"
EndProject
Global
	GlobalSection(SolutionConfigurationPlatforms) = preSolution
		Debug|Any CPU = Debug|Any CPU
		Release|Any CPU = Release|Any CPU
	EndGlobalSection
	GlobalSection(ProjectConfigurationPlatforms) = postSolution
		{825FBE4D-371E-4C1B-872F-4A0371B18CCD}.Debug|Any CPU.ActiveCfg = Debug|Any CPU
		{825FBE4D-371E-4C1B-872F-4A0371B18CCD}.Debug|Any CPU.Build.0 = Debug|Any CPU
		{825FBE4D-371E-4C1B-872F-4A0371B18CCD}.Release|Any CPU.ActiveCfg = Release|Any CPU
		{825FBE4D-371E-4C1B-872F-4A0371B18CCD}.Release|Any CPU.Build.0 = Release|Any CPU
		{99D18944-7B68-451F-8949-9A6362B5B38D}.Debug|Any CPU.ActiveCfg = Debug|Any CPU
		{99D18944-7B68-451F-8949-9A6362B5B38D}.Debug|Any CPU.Build.0 = Debug|Any CPU
		{99D18944-7B68-451F-8949-9A6362B5B38D}.Release|Any CPU.ActiveCfg = Release|Any CPU
		{99D18944-7B68-451F-8949-9A6362B5B38D}.Release|Any CPU.Build.0 = Release|Any CPU
		{B2573447-EC19-4C46-913C-F3239C18633B}.Debug|Any CPU.ActiveCfg = Debug|Any CPU
		{B2573447-EC19-4C46-913C-F3239C18633B}.Debug|Any CPU.Build.0 = Debug|Any CPU
		{B2573447-EC19-4C46-913C-F3239C18633B}.Release|Any CPU.ActiveCfg = Release|Any CPU
		{B2573447-EC19-4C46-913C-F3239C18633B}.Release|Any CPU.Build.0 = Release|Any CPU
		{61A90DFB-94AA-4CC2-A6CD-1998716BF7BD}.Debug|Any CPU.ActiveCfg = Debug|Any CPU
		{61A90DFB-94AA-4CC2-A6CD-1998716BF7BD}.Debug|Any CPU.Build.0 = Debug|Any CPU
		{61A90DFB-94AA-4CC2-A6CD-1998716BF7BD}.Release|Any CPU.ActiveCfg = Release|Any CPU
		{61A90DFB-94AA-4CC2-A6CD-1998716BF7BD}.Release|Any CPU.Build.0 = Release|Any CPU
		{3EC11F51-5993-4CFF-A425-22A30FAA6008}.Debug|Any CPU.ActiveCfg = Debug|Any CPU
		{3EC11F51-5993-4CFF-A425-22A30FAA6008}.Debug|Any CPU.Build.0 = Debug|Any CPU
		{3EC11F51-5993-4CFF-A425-22A30FAA6008}.Release|Any CPU.ActiveCfg = Release|Any CPU
		{3EC11F51-5993-4CFF-A425-22A30FAA6008}.Release|Any CPU.Build.0 = Release|Any CPU
		{119D3FCA-D4A2-4EB7-ADB8-9E3F9F6B48EB}.Debug|Any CPU.ActiveCfg = Debug|Any CPU
		{119D3FCA-D4A2-4EB7-ADB8-9E3F9F6B48EB}.Debug|Any CPU.Build.0 = Debug|Any CPU
		{119D3FCA-D4A2-4EB7-ADB8-9E3F9F6B48EB}.Release|Any CPU.ActiveCfg = Release|Any CPU
		{119D3FCA-D4A2-4EB7-ADB8-9E3F9F6B48EB}.Release|Any CPU.Build.0 = Release|Any CPU
	EndGlobalSection
	GlobalSection(SolutionProperties) = preSolution
		HideSolutionNode = FALSE
	EndGlobalSection
	GlobalSection(NestedProjects) = preSolution
		{825FBE4D-371E-4C1B-872F-4A0371B18CCD} = {DC52634D-3015-4CF4-82F3-E445E84F6660}
		{99D18944-7B68-451F-8949-9A6362B5B38D} = {BABAC8CB-44F5-4826-931E-D428EC3F014A}
		{B2573447-EC19-4C46-913C-F3239C18633B} = {75AFF75E-76CD-4A0D-947E-C13C924C1915}
		{61A90DFB-94AA-4CC2-A6CD-1998716BF7BD} = {A92F44A1-06F4-4A23-89F4-37BB22C77386}
		{3EC11F51-5993-4CFF-A425-22A30FAA6008} = {A92F44A1-06F4-4A23-89F4-37BB22C77386}
		{119D3FCA-D4A2-4EB7-ADB8-9E3F9F6B48EB} = {A92F44A1-06F4-4A23-89F4-37BB22C77386}
	EndGlobalSection
EndGlobal
